// !$*UTF8*$!
{
	archiveVersion = 1;
	classes = {
	};
	objectVersion = 46;
	objects = {

/* Begin PBXBuildFile section */
		A7CDEFD21F11689D00F79BB2 /* AppDelegate.swift in Sources */ = {isa = PBXBuildFile; fileRef = A7CDEFD11F11689D00F79BB2 /* AppDelegate.swift */; };
		A7CDEFD41F11689D00F79BB2 /* MainVC.swift in Sources */ = {isa = PBXBuildFile; fileRef = A7CDEFD31F11689D00F79BB2 /* MainVC.swift */; };
		A7CDEFD71F11689D00F79BB2 /* Main.storyboard in Resources */ = {isa = PBXBuildFile; fileRef = A7CDEFD51F11689D00F79BB2 /* Main.storyboard */; };
		A7CDEFD91F11689D00F79BB2 /* Assets.xcassets in Resources */ = {isa = PBXBuildFile; fileRef = A7CDEFD81F11689D00F79BB2 /* Assets.xcassets */; };
		A7CDEFDC1F11689D00F79BB2 /* LaunchScreen.storyboard in Resources */ = {isa = PBXBuildFile; fileRef = A7CDEFDA1F11689D00F79BB2 /* LaunchScreen.storyboard */; };
		A7CDEFE71F116E7100F79BB2 /* VideoVC.swift in Sources */ = {isa = PBXBuildFile; fileRef = A7CDEFE61F116E7100F79BB2 /* VideoVC.swift */; };
/* End PBXBuildFile section */

/* Begin PBXFileReference section */
		A7CDEFCE1F11689D00F79BB2 /* PartyRockApp.app */ = {isa = PBXFileReference; explicitFileType = wrapper.application; includeInIndex = 0; path = PartyRockApp.app; sourceTree = BUILT_PRODUCTS_DIR; };
		A7CDEFD11F11689D00F79BB2 /* AppDelegate.swift */ = {isa = PBXFileReference; lastKnownFileType = sourcecode.swift; path = AppDelegate.swift; sourceTree = "<group>"; };
		A7CDEFD31F11689D00F79BB2 /* MainVC.swift */ = {isa = PBXFileReference; lastKnownFileType = sourcecode.swift; path = MainVC.swift; sourceTree = "<group>"; };
		A7CDEFD61F11689D00F79BB2 /* Base */ = {isa = PBXFileReference; lastKnownFileType = file.storyboard; name = Base; path = Base.lproj/Main.storyboard; sourceTree = "<group>"; };
		A7CDEFD81F11689D00F79BB2 /* Assets.xcassets */ = {isa = PBXFileReference; lastKnownFileType = folder.assetcatalog; path = Assets.xcassets; sourceTree = "<group>"; };
		A7CDEFDB1F11689D00F79BB2 /* Base */ = {isa = PBXFileReference; lastKnownFileType = file.storyboard; name = Base; path = Base.lproj/LaunchScreen.storyboard; sourceTree = "<group>"; };
		A7CDEFDD1F11689D00F79BB2 /* Info.plist */ = {isa = PBXFileReference; lastKnownFileType = text.plist.xml; path = Info.plist; sourceTree = "<group>"; };
		A7CDEFE61F116E7100F79BB2 /* VideoVC.swift */ = {isa = PBXFileReference; fileEncoding = 4; lastKnownFileType = sourcecode.swift; path = VideoVC.swift; sourceTree = "<group>"; };
/* End PBXFileReference section */

/* Begin PBXFrameworksBuildPhase section */
		A7CDEFCB1F11689D00F79BB2 /* Frameworks */ = {
			isa = PBXFrameworksBuildPhase;
			buildActionMask = 2147483647;
			files = (
			);
			runOnlyForDeploymentPostprocessing = 0;
		};
/* End PBXFrameworksBuildPhase section */

/* Begin PBXGroup section */
		A7CDEFC51F11689D00F79BB2 = {
			isa = PBXGroup;
			children = (
				A7CDEFD01F11689D00F79BB2 /* PartyRockApp */,
				A7CDEFCF1F11689D00F79BB2 /* Products */,
			);
			sourceTree = "<group>";
		};
		A7CDEFCF1F11689D00F79BB2 /* Products */ = {
			isa = PBXGroup;
			children = (
				A7CDEFCE1F11689D00F79BB2 /* PartyRockApp.app */,
			);
			name = Products;
			sourceTree = "<group>";
		};
		A7CDEFD01F11689D00F79BB2 /* PartyRockApp */ = {
			isa = PBXGroup;
			children = (
				A7CDEFE51F11691200F79BB2 /* Model */,
				A7CDEFE41F11690800F79BB2 /* View */,
				A7CDEFE31F1168F500F79BB2 /* Controller */,
				A7CDEFD11F11689D00F79BB2 /* AppDelegate.swift */,
				A7CDEFDA1F11689D00F79BB2 /* LaunchScreen.storyboard */,
				A7CDEFD51F11689D00F79BB2 /* Main.storyboard */,
				A7CDEFD81F11689D00F79BB2 /* Assets.xcassets */,
				A7CDEFDD1F11689D00F79BB2 /* Info.plist */,
			);
			path = PartyRockApp;
			sourceTree = "<group>";
		};
		A7CDEFE31F1168F500F79BB2 /* Controller */ = {
			isa = PBXGroup;
			children = (
				A7CDEFD31F11689D00F79BB2 /* MainVC.swift */,
				A7CDEFE61F116E7100F79BB2 /* VideoVC.swift */,
			);
			name = Controller;
			sourceTree = "<group>";
		};
		A7CDEFE41F11690800F79BB2 /* View */ = {
			isa = PBXGroup;
			children = (
			);
			name = View;
			sourceTree = "<group>";
		};
		A7CDEFE51F11691200F79BB2 /* Model */ = {
			isa = PBXGroup;
			children = (
			);
			name = Model;
			sourceTree = "<group>";
		};
/* End PBXGroup section */

/* Begin PBXNativeTarget section */
		A7CDEFCD1F11689D00F79BB2 /* PartyRockApp */ = {
			isa = PBXNativeTarget;
			buildConfigurationList = A7CDEFE01F11689D00F79BB2 /* Build configuration list for PBXNativeTarget "PartyRockApp" */;
			buildPhases = (
				A7CDEFCA1F11689D00F79BB2 /* Sources */,
				A7CDEFCB1F11689D00F79BB2 /* Frameworks */,
				A7CDEFCC1F11689D00F79BB2 /* Resources */,
			);
			buildRules = (
			);
			dependencies = (
			);
			name = PartyRockApp;
			productName = PartyRockApp;
			productReference = A7CDEFCE1F11689D00F79BB2 /* PartyRockApp.app */;
			productType = "com.apple.product-type.application";
		};
/* End PBXNativeTarget section */

/* Begin PBXProject section */
		A7CDEFC61F11689D00F79BB2 /* Project object */ = {
			isa = PBXProject;
			attributes = {
				LastSwiftUpdateCheck = 0830;
				LastUpgradeCheck = 0830;
				ORGANIZATIONNAME = Darragh;
				TargetAttributes = {
					A7CDEFCD1F11689D00F79BB2 = {
						CreatedOnToolsVersion = 8.3.3;
						ProvisioningStyle = Automatic;
					};
				};
			};
			buildConfigurationList = A7CDEFC91F11689D00F79BB2 /* Build configuration list for PBXProject "PartyRockApp" */;
			compatibilityVersion = "Xcode 3.2";
			developmentRegion = English;
			hasScannedForEncodings = 0;
			knownRegions = (
				en,
				Base,
			);
			mainGroup = A7CDEFC51F11689D00F79BB2;
			productRefGroup = A7CDEFCF1F11689D00F79BB2 /* Products */;
			projectDirPath = "";
			projectRoot = "";
			targets = (
				A7CDEFCD1F11689D00F79BB2 /* PartyRockApp */,
			);
		};
/* End PBXProject section */

/* Begin PBXResourcesBuildPhase section */
		A7CDEFCC1F11689D00F79BB2 /* Resources */ = {
			isa = PBXResourcesBuildPhase;
			buildActionMask = 2147483647;
			files = (
				A7CDEFDC1F11689D00F79BB2 /* LaunchScreen.storyboard in Resources */,
				A7CDEFD91F11689D00F79BB2 /* Assets.xcassets in Resources */,
				A7CDEFD71F11689D00F79BB2 /* Main.storyboard in Resources */,
			);
			runOnlyForDeploymentPostprocessing = 0;
		};
/* End PBXResourcesBuildPhase section */

/* Begin PBXSourcesBuildPhase section */
		A7CDEFCA1F11689D00F79BB2 /* Sources */ = {
			isa = PBXSourcesBuildPhase;
			buildActionMask = 2147483647;
			files = (
				A7CDEFE71F116E7100F79BB2 /* VideoVC.swift in Sources */,
				A7CDEFD41F11689D00F79BB2 /* MainVC.swift in Sources */,
				A7CDEFD21F11689D00F79BB2 /* AppDelegate.swift in Sources */,
			);
			runOnlyForDeploymentPostprocessing = 0;
		};
/* End PBXSourcesBuildPhase section */

/* Begin PBXVariantGroup section */
		A7CDEFD51F11689D00F79BB2 /* Main.storyboard */ = {
			isa = PBXVariantGroup;
			children = (
				A7CDEFD61F11689D00F79BB2 /* Base */,
			);
			name = Main.storyboard;
			sourceTree = "<group>";
		};
		A7CDEFDA1F11689D00F79BB2 /* LaunchScreen.storyboard */ = {
			isa = PBXVariantGroup;
			children = (
				A7CDEFDB1F11689D00F79BB2 /* Base */,
			);
			name = LaunchScreen.storyboard;
			sourceTree = "<group>";
		};
/* End PBXVariantGroup section */

/* Begin XCBuildConfiguration section */
		A7CDEFDE1F11689D00F79BB2 /* Debug */ = {
			isa = XCBuildConfiguration;
			buildSettings = {
				ALWAYS_SEARCH_USER_PATHS = NO;
				CLANG_ANALYZER_NONNULL = YES;
				CLANG_ANALYZER_NUMBER_OBJECT_CONVERSION = YES_AGGRESSIVE;
				CLANG_CXX_LANGUAGE_STANDARD = "gnu++0x";
				CLANG_CXX_LIBRARY = "libc++";
				CLANG_ENABLE_MODULES = YES;
				CLANG_ENABLE_OBJC_ARC = YES;
				CLANG_WARN_BOOL_CONVERSION = YES;
				CLANG_WARN_CONSTANT_CONVERSION = YES;
				CLANG_WARN_DIRECT_OBJC_ISA_USAGE = YES_ERROR;
				CLANG_WARN_DOCUMENTATION_COMMENTS = YES;
				CLANG_WARN_EMPTY_BODY = YES;
				CLANG_WARN_ENUM_CONVERSION = YES;
				CLANG_WARN_INFINITE_RECURSION = YES;
				CLANG_WARN_INT_CONVERSION = YES;
				CLANG_WARN_OBJC_ROOT_CLASS = YES_ERROR;
				CLANG_WARN_SUSPICIOUS_MOVE = YES;
				CLANG_WARN_UNREACHABLE_CODE = YES;
				CLANG_WARN__DUPLICATE_METHOD_MATCH = YES;
				"CODE_SIGN_IDENTITY[sdk=iphoneos*]" = "iPhone Developer";
				COPY_PHASE_STRIP = NO;
				DEBUG_INFORMATION_FORMAT = dwarf;
				ENABLE_STRICT_OBJC_MSGSEND = YES;
				ENABLE_TESTABILITY = YES;
				GCC_C_LANGUAGE_STANDARD = gnu99;
				GCC_DYNAMIC_NO_PIC = NO;
				GCC_NO_COMMON_BLOCKS = YES;
				GCC_OPTIMIZATION_LEVEL = 0;
				GCC_PREPROCESSOR_DEFINITIONS = (
					"DEBUG=1",
					"$(inherited)",
				);
				GCC_WARN_64_TO_32_BIT_CONVERSION = YES;
				GCC_WARN_ABOUT_RETURN_TYPE = YES_ERROR;
				GCC_WARN_UNDECLARED_SELECTOR = YES;
				GCC_WARN_UNINITIALIZED_AUTOS = YES_AGGRESSIVE;
				GCC_WARN_UNUSED_FUNCTION = YES;
				GCC_WARN_UNUSED_VARIABLE = YES;
				IPHONEOS_DEPLOYMENT_TARGET = 10.3;
				MTL_ENABLE_DEBUG_INFO = YES;
				ONLY_ACTIVE_ARCH = YES;
				SDKROOT = iphoneos;
				SWIFT_ACTIVE_COMPILATION_CONDITIONS = DEBUG;
				SWIFT_OPTIMIZATION_LEVEL = "-Onone";
				TARGETED_DEVICE_FAMILY = "1,2";
			};
			name = Debug;
		};
		A7CDEFDF1F11689D00F79BB2 /* Release */ = {
			isa = XCBuildConfiguration;
			buildSettings = {
				ALWAYS_SEARCH_USER_PATHS = NO;
				CLANG_ANALYZER_NONNULL = YES;
				CLANG_ANALYZER_NUMBER_OBJECT_CONVERSION = YES_AGGRESSIVE;
				CLANG_CXX_LANGUAGE_STANDARD = "gnu++0x";
				CLANG_CXX_LIBRARY = "libc++";
				CLANG_ENABLE_MODULES = YES;
				CLANG_ENABLE_OBJC_ARC = YES;
				CLANG_WARN_BOOL_CONVERSION = YES;
				CLANG_WARN_CONSTANT_CONVERSION = YES;
				CLANG_WARN_DIRECT_OBJC_ISA_USAGE = YES_ERROR;
				CLANG_WARN_DOCUMENTATION_COMMENTS = YES;
				CLANG_WARN_EMPTY_BODY = YES;
				CLANG_WARN_ENUM_CONVERSION = YES;
				CLANG_WARN_INFINITE_RECURSION = YES;
				CLANG_WARN_INT_CONVERSION = YES;
				CLANG_WARN_OBJC_ROOT_CLASS = YES_ERROR;
				CLANG_WARN_SUSPICIOUS_MOVE = YES;
				CLANG_WARN_UNREACHABLE_CODE = YES;
				CLANG_WARN__DUPLICATE_METHOD_MATCH = YES;
				"CODE_SIGN_IDENTITY[sdk=iphoneos*]" = "iPhone Developer";
				COPY_PHASE_STRIP = NO;
				DEBUG_INFORMATION_FORMAT = "dwarf-with-dsym";
				ENABLE_NS_ASSERTIONS = NO;
				ENABLE_STRICT_OBJC_MSGSEND = YES;
				GCC_C_LANGUAGE_STANDARD = gnu99;
				GCC_NO_COMMON_BLOCKS = YES;
				GCC_WARN_64_TO_32_BIT_CONVERSION = YES;
				GCC_WARN_ABOUT_RETURN_TYPE = YES_ERROR;
				GCC_WARN_UNDECLARED_SELECTOR = YES;
				GCC_WARN_UNINITIALIZED_AUTOS = YES_AGGRESSIVE;
				GCC_WARN_UNUSED_FUNCTION = YES;
				GCC_WARN_UNUSED_VARIABLE = YES;
				IPHONEOS_DEPLOYMENT_TARGET = 10.3;
				MTL_ENABLE_DEBUG_INFO = NO;
				SDKROOT = iphoneos;
				SWIFT_OPTIMIZATION_LEVEL = "-Owholemodule";
				TARGETED_DEVICE_FAMILY = "1,2";
				VALIDATE_PRODUCT = YES;
			};
			name = Release;
		};
		A7CDEFE11F11689D00F79BB2 /* Debug */ = {
			isa = XCBuildConfiguration;
			buildSettings = {
				ASSETCATALOG_COMPILER_APPICON_NAME = AppIcon;
				INFOPLIST_FILE = PartyRockApp/Info.plist;
				LD_RUNPATH_SEARCH_PATHS = "$(inherited) @executable_path/Frameworks";
				PRODUCT_BUNDLE_IDENTIFIER = com.Darragh.PartyRockApp;
				PRODUCT_NAME = "$(TARGET_NAME)";
				SWIFT_VERSION = 3.0;
			};
			name = Debug;
		};
		A7CDEFE21F11689D00F79BB2 /* Release */ = {
			isa = XCBuildConfiguration;
			buildSettings = {
				ASSETCATALOG_COMPILER_APPICON_NAME = AppIcon;
				INFOPLIST_FILE = PartyRockApp/Info.plist;
				LD_RUNPATH_SEARCH_PATHS = "$(inherited) @executable_path/Frameworks";
				PRODUCT_BUNDLE_IDENTIFIER = com.Darragh.PartyRockApp;
				PRODUCT_NAME = "$(TARGET_NAME)";
				SWIFT_VERSION = 3.0;
			};
			name = Release;
		};
/* End XCBuildConfiguration section */

/* Begin XCConfigurationList section */
		A7CDEFC91F11689D00F79BB2 /* Build configuration list for PBXProject "PartyRockApp" */ = {
			isa = XCConfigurationList;
			buildConfigurations = (
				A7CDEFDE1F11689D00F79BB2 /* Debug */,
				A7CDEFDF1F11689D00F79BB2 /* Release */,
			);
			defaultConfigurationIsVisible = 0;
			defaultConfigurationName = Release;
		};
		A7CDEFE01F11689D00F79BB2 /* Build configuration list for PBXNativeTarget "PartyRockApp" */ = {
			isa = XCConfigurationList;
			buildConfigurations = (
				A7CDEFE11F11689D00F79BB2 /* Debug */,
				A7CDEFE21F11689D00F79BB2 /* Release */,
			);
			defaultConfigurationIsVisible = 0;
			defaultConfigurationName = Release;
		};
/* End XCConfigurationList section */
	};
	rootObject = A7CDEFC61F11689D00F79BB2 /* Project object */;
}
